{
  "projects": [
    {
      "projectId": "58GpZjZCWTaJ8AUhpCwt2K",
      "version": "2.1.1",
      "dependencies": {},
      "lang": "js",
      "fileLocks": [
        {
          "assetId": "58GpZjZCWTaJ8AUhpCwt2K",
          "type": "projectCss",
          "checksum": "7cc5faaaf0a95a273a1ed022a8f02ab3"
        }
      ],
      "codegenVersion": "0.0.1"
    },
    {
      "projectId": "enk3K4vZ6pmH6kVCoZJXGn",
      "version": "3.0.2",
      "dependencies": {},
      "lang": "js",
      "fileLocks": [
        {
          "assetId": "enk3K4vZ6pmH6kVCoZJXGn",
          "type": "projectCss",
          "checksum": "066610a932de1d2d8cc261f7778c9ff3"
        }
      ],
      "codegenVersion": "0.0.1"
    },
    {
      "projectId": "46Sa4WMCscwEt6Udy4KXw2",
      "version": "latest",
      "dependencies": {
        "enk3K4vZ6pmH6kVCoZJXGn": "3.0.2",
        "58GpZjZCWTaJ8AUhpCwt2K": "2.1.1"
      },
      "lang": "js",
      "fileLocks": [
        {
          "type": "globalVariant",
          "assetId": "l9n-DyDlcQ3h",
          "checksum": "49dc265586efefa11c2d3586485993f1"
        },
        {
          "type": "renderModule",
          "assetId": "pD-B5n7bBeW",
          "checksum": "d0bb2f73b14d7e9bbb62f044f584c679"
        },
        {
          "type": "cssRules",
          "assetId": "pD-B5n7bBeW",
          "checksum": "d0bb2f73b14d7e9bbb62f044f584c679"
        },
        {
          "type": "renderModule",
          "assetId": "GFn7UWEtp4r1",
          "checksum": "005ff2cd248ee8c66f4d67dda0349ee7"
        },
        {
          "type": "cssRules",
          "assetId": "GFn7UWEtp4r1",
          "checksum": "005ff2cd248ee8c66f4d67dda0349ee7"
        },
        {
          "type": "renderModule",
          "assetId": "H6IfdFc-NOE-",
          "checksum": "18c2d462f52f54b93bde703f2c19022b"
        },
        {
          "type": "cssRules",
          "assetId": "H6IfdFc-NOE-",
          "checksum": "18c2d462f52f54b93bde703f2c19022b"
        },
        {
          "type": "renderModule",
          "assetId": "SE1S13nw2o94",
          "checksum": "f02b91115009e3a67d42229e1d8880cd"
        },
        {
          "type": "cssRules",
          "assetId": "SE1S13nw2o94",
          "checksum": "f02b91115009e3a67d42229e1d8880cd"
        },
        {
          "type": "renderModule",
          "assetId": "KZvRGi5XEqyZ",
          "checksum": "061f928b40b25bdc58c174d2880b9790"
        },
        {
          "type": "cssRules",
          "assetId": "KZvRGi5XEqyZ",
          "checksum": "061f928b40b25bdc58c174d2880b9790"
        },
        {
          "type": "renderModule",
          "assetId": "8xHEc7oi5Y6M",
          "checksum": "ca5b8b05a56bb648c29c919f2c86f0ab"
        },
        {
          "type": "cssRules",
          "assetId": "8xHEc7oi5Y6M",
          "checksum": "ca5b8b05a56bb648c29c919f2c86f0ab"
        },
        {
          "type": "renderModule",
          "assetId": "O0lkQzv2d5iD",
          "checksum": "86bbae110b5b682223b11cd8ee3fccae"
        },
        {
          "type": "cssRules",
          "assetId": "O0lkQzv2d5iD",
          "checksum": "86bbae110b5b682223b11cd8ee3fccae"
        },
        {
          "type": "renderModule",
          "assetId": "_P1s8AfQ8Xx3",
          "checksum": "f04f835340ffedcfe102617cdd59fc88"
        },
        {
          "type": "cssRules",
          "assetId": "_P1s8AfQ8Xx3",
          "checksum": "f04f835340ffedcfe102617cdd59fc88"
        },
        {
          "type": "renderModule",
          "assetId": "9i2eJ7zsVC-d",
          "checksum": "231e4eee1199746978012dc4fb6a7850"
        },
        {
          "type": "cssRules",
          "assetId": "9i2eJ7zsVC-d",
          "checksum": "231e4eee1199746978012dc4fb6a7850"
        },
        {
          "type": "renderModule",
          "assetId": "yPwkJJ1VXNcD",
          "checksum": "2120b39b44ac3f492730ed9efe961379"
        },
        {
          "type": "cssRules",
          "assetId": "yPwkJJ1VXNcD",
          "checksum": "2120b39b44ac3f492730ed9efe961379"
        },
        {
          "type": "renderModule",
          "assetId": "L6pclz-kLVX1",
          "checksum": "9bf30299afd9ccfdfe39bb3b575a159f"
        },
        {
          "type": "cssRules",
          "assetId": "L6pclz-kLVX1",
          "checksum": "9bf30299afd9ccfdfe39bb3b575a159f"
        },
        {
          "type": "renderModule",
          "assetId": "NzLp13B_qM4h",
          "checksum": "4b05d716f5d352cb18ffee19fe4c4b81"
        },
        {
          "type": "cssRules",
          "assetId": "NzLp13B_qM4h",
          "checksum": "4b05d716f5d352cb18ffee19fe4c4b81"
        },
        {
          "type": "renderModule",
          "assetId": "3K5VQPVjfZZA",
          "checksum": "b5e3900aa970d6625285254bdbe67b18"
        },
        {
          "type": "cssRules",
          "assetId": "3K5VQPVjfZZA",
          "checksum": "b5e3900aa970d6625285254bdbe67b18"
        },
        {
          "type": "renderModule",
          "assetId": "1sCXTpIK3TOw",
          "checksum": "789bca7278c7cd5021dc17385aadc786"
        },
        {
          "type": "cssRules",
          "assetId": "1sCXTpIK3TOw",
          "checksum": "789bca7278c7cd5021dc17385aadc786"
        },
        {
          "type": "renderModule",
          "assetId": "ITRhXvzT_jL3",
          "checksum": "c5306ff28dd58569c1350c81f2314c9d"
        },
        {
          "type": "cssRules",
          "assetId": "ITRhXvzT_jL3",
          "checksum": "c5306ff28dd58569c1350c81f2314c9d"
        },
        {
          "type": "renderModule",
          "assetId": "wuYTc58rKmTo",
          "checksum": "1457629386509d2f0a303fd13b212e92"
        },
        {
          "type": "cssRules",
          "assetId": "wuYTc58rKmTo",
          "checksum": "1457629386509d2f0a303fd13b212e92"
        },
        {
          "type": "renderModule",
          "assetId": "kMXYSZXsFp7N",
          "checksum": "566150cec99ea635af95fb05247c14c3"
        },
        {
          "type": "cssRules",
          "assetId": "kMXYSZXsFp7N",
          "checksum": "566150cec99ea635af95fb05247c14c3"
        },
        {
          "type": "renderModule",
          "assetId": "6cPr8RiqKNXF",
          "checksum": "5709ad94b0d82f2543734d74ee46f7c9"
        },
        {
          "type": "cssRules",
          "assetId": "6cPr8RiqKNXF",
          "checksum": "5709ad94b0d82f2543734d74ee46f7c9"
        },
        {
          "type": "renderModule",
          "assetId": "_vy3lDbrsdZT",
          "checksum": "3a1244ace4af80bb69190a844e73c18d"
        },
        {
          "type": "cssRules",
          "assetId": "_vy3lDbrsdZT",
          "checksum": "3a1244ace4af80bb69190a844e73c18d"
        },
        {
          "type": "renderModule",
          "assetId": "W1AS1CJCm2P1",
          "checksum": "2c60a87babfd2c95620b0760a525ee90"
        },
        {
          "type": "cssRules",
          "assetId": "W1AS1CJCm2P1",
          "checksum": "2c60a87babfd2c95620b0760a525ee90"
        },
        {
          "type": "renderModule",
          "assetId": "wzQg7co5grOH",
          "checksum": "bb250f0e24c09d7a7e609d421ce9cf5f"
        },
        {
          "type": "cssRules",
          "assetId": "wzQg7co5grOH",
          "checksum": "bb250f0e24c09d7a7e609d421ce9cf5f"
        },
        {
          "type": "renderModule",
          "assetId": "lisclnfVCzN",
          "checksum": "2685be7ae4265df4b6e93e7cd808e085"
        },
        {
          "type": "cssRules",
          "assetId": "lisclnfVCzN",
          "checksum": "2685be7ae4265df4b6e93e7cd808e085"
        },
        {
          "type": "renderModule",
          "assetId": "OfP8Q6aP8wv",
          "checksum": "87f5ac5c13c4b7ff32029498d511d8d1"
        },
        {
          "type": "cssRules",
          "assetId": "OfP8Q6aP8wv",
          "checksum": "87f5ac5c13c4b7ff32029498d511d8d1"
        },
        {
          "type": "renderModule",
          "assetId": "IIz7Cb5qyfA",
          "checksum": "a301aba2a633a6c33131f68dd160d187"
        },
        {
          "type": "cssRules",
          "assetId": "IIz7Cb5qyfA",
          "checksum": "a301aba2a633a6c33131f68dd160d187"
        },
        {
          "type": "renderModule",
          "assetId": "FBmo78StdmX",
          "checksum": "5537440ee2628925b54fb2a088d73932"
        },
        {
          "type": "cssRules",
          "assetId": "FBmo78StdmX",
          "checksum": "5537440ee2628925b54fb2a088d73932"
        },
        {
          "type": "renderModule",
          "assetId": "AKhkWq92AhN",
          "checksum": "f48920026866dbc3ed90bef176eb0aa7"
        },
        {
          "type": "cssRules",
          "assetId": "AKhkWq92AhN",
          "checksum": "f48920026866dbc3ed90bef176eb0aa7"
        },
        {
          "type": "renderModule",
          "assetId": "e1I9aJr6UA8",
          "checksum": "dab290ca911760fb86ab1c51ea0bbe20"
        },
        {
          "type": "cssRules",
          "assetId": "e1I9aJr6UA8",
          "checksum": "dab290ca911760fb86ab1c51ea0bbe20"
        },
        {
          "type": "renderModule",
          "assetId": "r5SYRn1_mi-v",
          "checksum": "27190af2628c21bb8d98175f64ef4a93"
        },
        {
          "type": "cssRules",
          "assetId": "r5SYRn1_mi-v",
          "checksum": "27190af2628c21bb8d98175f64ef4a93"
        },
        {
          "type": "renderModule",
          "assetId": "ptPrW8RuWjO",
          "checksum": "4241571d8dd1e30347e0730b0df29576"
        },
        {
          "type": "cssRules",
          "assetId": "ptPrW8RuWjO",
          "checksum": "4241571d8dd1e30347e0730b0df29576"
        },
        {
          "type": "renderModule",
          "assetId": "5MSC0M28Vln",
          "checksum": "2cf31587b99ce663b69a9a66f80e722d"
        },
        {
          "type": "cssRules",
          "assetId": "5MSC0M28Vln",
          "checksum": "2cf31587b99ce663b69a9a66f80e722d"
        },
        {
          "type": "renderModule",
          "assetId": "mGO5EwcSvI",
          "checksum": "cfadcbcea75ef293a51b9f670cffad94"
        },
        {
          "type": "cssRules",
          "assetId": "mGO5EwcSvI",
          "checksum": "cfadcbcea75ef293a51b9f670cffad94"
        },
        {
          "type": "icon",
          "assetId": "WZs-KAUeSgru",
          "checksum": "2b34214db6c3843298597967da4fc29b"
        },
        {
          "type": "icon",
          "assetId": "ZpX0LSSD1gLn",
          "checksum": "2fae1efd54af39623ce20c0bb0a5dd15"
        },
        {
          "type": "icon",
          "assetId": "viq1EOTvAMqx",
          "checksum": "ea85916af51ee114cfc64192c33f282a"
        },
        {
          "type": "icon",
          "assetId": "eBLPldbips0Z",
          "checksum": "42bbd7240039c486eb28ba9ff08e0c68"
        },
        {
          "type": "icon",
          "assetId": "aLtbJ-mOmkEW",
          "checksum": "8620f543faea97ebeaac2d7bab65256b"
        },
        {
          "type": "icon",
          "assetId": "521dntnHf0A1",
          "checksum": "fe5438da677ad67a493146374017cec1"
        },
        {
          "type": "icon",
          "assetId": "KT8ACv9CYzm6",
          "checksum": "51613e8f84b53f0a6ef2f3a18588874d"
        },
        {
          "type": "icon",
          "assetId": "c0B7N0WLOCf8",
          "checksum": "3c6aafb05f37959fd03f53a713ffb2b4"
        },
        {
          "type": "icon",
          "assetId": "wsIP_Wmz1nvS",
          "checksum": "31efc036eacf8a6861e86c1c5aed13b3"
        },
        {
          "type": "icon",
          "assetId": "ygeiGfNU6UKr",
          "checksum": "70d00fcb4f5f568f1d40de148291e3d4"
        },
        {
          "type": "icon",
          "assetId": "x0GLTVm7LqxQ",
          "checksum": "896465b039fd2a3b8ba84e2254dd8e2c"
        },
        {
          "type": "icon",
          "assetId": "h-wYyT4V3Cp3",
          "checksum": "7ed1d73f35ddc1882b571e09d77c614f"
        },
        {
          "type": "icon",
          "assetId": "in7riYaerWVC",
          "checksum": "824505672b3e2c70a3ef824c7ce5380d"
        },
        {
          "type": "icon",
          "assetId": "ffAnZsN_wlRn",
          "checksum": "1de9210003bcec615acb2bb45e181a61"
        },
        {
          "type": "icon",
          "assetId": "4ztbfV1F6N7H",
          "checksum": "1a4a9c521c67211d8b777d4ecef3c2df"
        },
        {
          "type": "icon",
          "assetId": "55qxcVSgRAgt",
          "checksum": "279b512257ba401e2abb4aef8f1fe9c7"
        },
        {
          "type": "icon",
          "assetId": "TIflUYTr1rtf",
          "checksum": "d201b9f57cf33518a38035d5c4acbbdc"
        },
        {
          "type": "icon",
          "assetId": "wxMYI1AVDvF5",
          "checksum": "8f83ecaa14b42f4f92764e63f6db8ccb"
        },
        {
          "type": "icon",
          "assetId": "UIKoFJyEh9dY",
          "checksum": "768036f97a47ae221d587f7aa6ee9e70"
        },
        {
          "type": "icon",
          "assetId": "9U2UTJvNDR-J",
          "checksum": "ff696fa9d6147131502c1e1cf0358766"
        },
        {
          "type": "icon",
          "assetId": "XwzJQBZ6zjKG",
          "checksum": "9fc9d37c0f89d46e66147e548c66bebc"
        },
        {
          "type": "icon",
          "assetId": "yXM0TgpHoW-z",
          "checksum": "85d2062706a70e3f5694e774a34b6649"
        },
        {
          "type": "icon",
          "assetId": "Yls-Xq7aJFN4",
          "checksum": "157f851c0e49982a9d800d0b22ab8280"
        },
        {
          "type": "icon",
          "assetId": "YYHHcclC5f3p",
          "checksum": "8bb1ae50df56c00abb57df9c775c328a"
        },
        {
          "type": "icon",
          "assetId": "Lt6uLr7Iz5gE",
          "checksum": "ab11a41f447d97b9141286b43cb74ddf"
        },
        {
          "type": "icon",
          "assetId": "WQIwI5k2eoMf",
          "checksum": "22895b83f41032dd9ccabfc130d10098"
        },
        {
          "type": "icon",
          "assetId": "uvIcwrHqdjwc",
          "checksum": "31c9b0efae5ec975f80c0fc1ce37f6b6"
        },
        {
          "type": "icon",
          "assetId": "qnTpGc39Pg1I",
          "checksum": "f78eb6d62360abee70c53562d3cc2f6b"
        },
        {
          "type": "icon",
          "assetId": "v5PvUZgp3HyE",
          "checksum": "a8dd8fdbffc1424ea5d6a74139c51cbb"
        },
        {
          "type": "icon",
          "assetId": "Os6k3HPER99f",
          "checksum": "09b2a15a9f906278eeebe21ce19e32ac"
        },
        {
          "type": "icon",
          "assetId": "xYqQEF3cFFn2",
          "checksum": "ddfe887808c90f3c2a56eedae1c6791a"
        },
        {
          "type": "icon",
          "assetId": "mYoQaMN56CvK",
          "checksum": "960f92b92691320f28d265feefbefe24"
        },
        {
          "type": "icon",
          "assetId": "oDBQZqedSNdm",
          "checksum": "de985594e089029887aa9c7630c88641"
        },
        {
          "type": "icon",
          "assetId": "vrZ-ZPR58qv-",
          "checksum": "cf1323b40f8f7a99d0f3674953eb14a0"
        },
        {
          "type": "icon",
          "assetId": "A1J5EggQj-CU",
          "checksum": "f81eb6a43a67ac69cfebabbe44ea7c19"
        },
        {
          "type": "icon",
          "assetId": "y4P2_hPw16yb",
          "checksum": "4ae946a8af555bc002054775b82eef62"
        },
        {
          "type": "icon",
          "assetId": "3tV9mqAzov1H",
          "checksum": "8aaa9ebd8772f3d119c323a89e6dc85c"
        },
        {
          "type": "icon",
          "assetId": "1xp6j2dRFJC7",
          "checksum": "e25ca4a0fb72dc750a818f9dc006f797"
        },
        {
          "type": "image",
          "assetId": "PlRHKpJ3NaY7",
          "checksum": "4bd22ded56fdeb2bcd441b6f0f50a8b8"
        },
        {
          "type": "image",
          "assetId": "ICvJ_jDSMKKl",
          "checksum": "e6070d4d985db60e1dbd87a77b547e5e"
        },
        {
          "type": "image",
          "assetId": "sZMQpppbFnJM",
          "checksum": "5dd854606c3967d4e3fa187035b9032b"
        },
        {
          "type": "image",
          "assetId": "BhMrnDDeKfYs",
          "checksum": "1f6bb508c89dbc0e2ec165ba41e2f3c1"
        },
        {
          "type": "image",
          "assetId": "G9iB6KPmD4oP",
          "checksum": "0022b168241ac13ff12c684478d25988"
        },
        {
          "type": "image",
          "assetId": "OvcTCQzziHbC",
          "checksum": "dba4a5a67bb814893f4eb52ec23ba67f"
        },
        {
          "type": "image",
          "assetId": "XcgNAMGbgBqe",
          "checksum": "656c7367ccc7f263e017be3ce8266867"
        },
        {
          "type": "image",
          "assetId": "ipYMMu7DBWgt",
          "checksum": "051762e4e0f6295dd9adbb2cb40d37ee"
        },
        {
          "type": "image",
          "assetId": "UcJRYwxi81Xs",
          "checksum": "91649b7afdcce8bad0568ec16304bca0"
        },
        {
          "type": "image",
          "assetId": "TDWWjrxEV0jX",
          "checksum": "d1bbdfd3da1121456b3700360fb962cd"
        },
        {
          "type": "image",
          "assetId": "WXn0M9VpS5FL",
          "checksum": "76a6cc004d184b1e48f0e19474c609bc"
        },
        {
          "type": "image",
          "assetId": "ispBS4hIn4L-",
          "checksum": "fb8e5f7ee7e5238b3bc38210516051f9"
        },
        {
          "type": "image",
          "assetId": "0t-YsYJEfsEm",
          "checksum": "26dbfd1da245cce3b733513bbd956a55"
        },
        {
          "type": "image",
          "assetId": "gvj5wSVjGHuv",
          "checksum": "062e25d2e9cbc6917f644d552031fd02"
        },
        {
          "type": "image",
          "assetId": "u4w67qjRTeWN",
          "checksum": "e75af9bc36cd76be501e5e090124c015"
        },
        {
          "type": "image",
          "assetId": "-lKvk_PrfBdd",
          "checksum": "1d8d5c892f9d89583a9fda0d3d655f9a"
        },
        {
          "type": "image",
          "assetId": "hhL9WJ47Lg87",
          "checksum": "7cabc639331c4ccafbb107fa9ace6da9"
        },
        {
          "type": "image",
          "assetId": "4DBEJuXsgj6g",
          "checksum": "6bb5b4f72eab90185922d37a57d71e56"
        },
        {
          "type": "image",
          "assetId": "DSsF0NspDvFQ",
          "checksum": "a31b7c6902930ad401ff71c9b79fbb1d"
        },
        {
          "type": "image",
          "assetId": "yuYHi_m_jto-",
          "checksum": "e7bdb173f89675176ecee5636a3f13f6"
        },
        {
          "type": "image",
          "assetId": "Z5GnjHhofyC8",
          "checksum": "b54dd608f053a3dcf1093ca8ffbe5838"
        },
        {
          "type": "image",
          "assetId": "oZ-dQYEib6nf",
          "checksum": "03dc5a14d847d9da11e23df7396c2b9c"
        },
        {
          "type": "image",
          "assetId": "f41AHjhK20U4",
          "checksum": "199869a08689dbe3346c30c6ad80e78f"
        },
        {
          "type": "image",
          "assetId": "osE2Gu8ruO6l",
          "checksum": "32c2673d6fce0dc4e5a5423d0bd4d8b0"
        },
        {
          "type": "image",
          "assetId": "K_FFB08H5zsk",
          "checksum": "e1b6ab53fbf626440823ada8f594fc2c"
        },
        {
          "type": "image",
          "assetId": "kczkuPLth2Zw",
          "checksum": "67803db415d47630b62c0be39554b6dc"
        },
        {
          "type": "image",
          "assetId": "9OB9Fgu7BgWK",
          "checksum": "765fd70aa5f2f85daa341ac27ce28a6f"
        },
        {
          "type": "image",
          "assetId": "dxHs7tLxqa0m",
          "checksum": "4242b828fc4e9a41ea1fabba5175fd94"
        },
        {
          "type": "image",
          "assetId": "Q2JTOUKYy3tF",
          "checksum": "d0b39eb7a2b9693bcd3456a831ae4e0d"
        },
        {
          "type": "image",
          "assetId": "R18Nqt0r5Lqi",
          "checksum": "68eff932de9e812d11e421e7818b4f9e"
        },
        {
          "type": "image",
          "assetId": "aeeWgKZGxF4l",
          "checksum": "a46c117170be14a7714ca15e081797b2"
        },
        {
          "type": "image",
          "assetId": "cYQzCOJ1eDX2",
          "checksum": "d3121f3e81e8f46f65306fb7e6304b4e"
        },
        {
          "type": "image",
          "assetId": "LOqmRSLA0Zys",
          "checksum": "ec83f89db9a6edec356536b16c719a43"
        },
        {
          "type": "image",
          "assetId": "V5o87QLXz8cB",
          "checksum": "2941af0023cbf0b9acb0640cdaa2088d"
        },
        {
          "type": "image",
          "assetId": "sOwQF2Gnmsff",
          "checksum": "49ad18235644f0bcf2d0a1526b131d44"
        },
        {
          "type": "image",
          "assetId": "NJldl48eSLNZ",
          "checksum": "fd0b9ce373f29fc6e029a7a042a6dc8a"
        },
        {
          "type": "image",
          "assetId": "vB8HMknpm8rw",
          "checksum": "356097bd90c13852fc64f72d8a164da2"
        },
        {
          "type": "image",
          "assetId": "H0hlI_X6Tnsc",
          "checksum": "37ec5e6d5389d3e26d1a7e37c9ad0e9d"
        },
        {
          "type": "image",
          "assetId": "ohIJnvPN_pfo",
          "checksum": "9e3c3d2b4af62ef9a4f5662b5b16ff55"
        },
        {
          "type": "image",
          "assetId": "Ct28xYCooFzr",
          "checksum": "f10cab462529456b31c064e0354eb9b0"
        },
        {
          "type": "image",
          "assetId": "DwfTmCLX2OGH",
          "checksum": "e7bb4a49518d5761945c6e31aa8a0f6d"
        },
        {
          "type": "image",
          "assetId": "NU1PDlFCOO5k",
          "checksum": "549c88bb855885499d9d6b333b6a193e"
        },
        {
          "type": "image",
          "assetId": "LJQzx7jqw28-",
          "checksum": "4a77fed555ccad15a6068d1101fb1392"
        },
        {
          "type": "image",
          "assetId": "VN7XhDSbowdd",
          "checksum": "e96d3df5bb5c4144b549574af74e7d4c"
        },
        {
          "type": "image",
          "assetId": "IhCWrZZeFh2f",
          "checksum": "eaee5ff80b03d22f73cee574ff04fc89"
        },
        {
          "type": "image",
          "assetId": "XhXbTRVT0Na_",
          "checksum": "e13cc901d2a66296aa9e4a7c5f6d38f5"
        },
        {
          "type": "image",
          "assetId": "REfbZHXeJOvT",
          "checksum": "02e001995a7b7cc0224250e37e57baa1"
        },
        {
          "type": "image",
          "assetId": "xUhyfWWqKSb9",
          "checksum": "791f138cbe333882328ea06b0ff1dd8b"
        },
        {
          "type": "image",
          "assetId": "1Yu0Gqcvd82V",
          "checksum": "08a81c9832c93a4b9c47f6e08cec8189"
        },
        {
          "type": "image",
          "assetId": "899QOL4YrTM7",
          "checksum": "52e902462804bfcadcc7ac9344c69319"
        },
        {
          "type": "image",
          "assetId": "0BVC2Alp9VUz",
          "checksum": "8cf1398834c6152e7452a6f4d7f9db6d"
        },
        {
          "type": "image",
          "assetId": "XJi7_3XctyW3",
          "checksum": "a68c62fd3f677e881eb2fedf04b939d6"
        },
        {
          "type": "image",
          "assetId": "YRU7XywCyf7-",
          "checksum": "e4d4de5b567ff7f601314af509c53546"
        },
        {
          "type": "image",
          "assetId": "TGX4Y31x1n9h",
          "checksum": "97692b43b9a689bead5d7480b4b7ed00"
        },
        {
          "type": "image",
          "assetId": "Tn83Lxy-D-eO",
          "checksum": "6307ecb6d554b6d7c9d5c257a061a06e"
        },
        {
          "type": "image",
          "assetId": "A8eIzQyltODA",
          "checksum": "cec336cf7ce5159318040c0d82edcb36"
        },
        {
          "type": "image",
          "assetId": "d2E2dNo4_T1O",
          "checksum": "666429572e04471169a322fd33c1b517"
        },
        {
          "type": "image",
          "assetId": "7H10Pdq2D40m",
          "checksum": "efdf4716344f72c80a341e6322d571f8"
        },
        {
          "type": "image",
          "assetId": "FX7Z7F2lb55U",
          "checksum": "c2919fdb6ac5d918236d3463c52f4ac4"
        },
        {
          "type": "image",
          "assetId": "tK8AC9t7Z5HI",
          "checksum": "fc412d6f05ee0c0663929ad77cc1036d"
        },
        {
          "type": "image",
          "assetId": "bgr8yBnsGQur",
          "checksum": "5c61a85a94327f5353a692bac22695ad"
        },
        {
          "type": "image",
          "assetId": "DP7TvC1Ux16r",
          "checksum": "c7f7e0f17447150088ceeb1f1de193c4"
        },
        {
          "type": "image",
          "assetId": "jJr4Ae3TtDgu",
          "checksum": "edf64e696997d0b9c9bd13237a1cf2af"
        },
        {
          "type": "image",
          "assetId": "4pDwnhy7ciov",
          "checksum": "8585a6b392a08b5b31f1c7d2c0bcf33e"
        },
        {
          "type": "image",
          "assetId": "SbCdnAUOR71o",
          "checksum": "316686b49a7a01bcb2dc52c47afc1327"
        },
        {
          "type": "image",
          "assetId": "2_fNMpZ1rE2h",
          "checksum": "4e82221a3a69afa79094b3ee17e95046"
        },
        {
          "type": "image",
          "assetId": "qLJWLgEVfOAF",
          "checksum": "4616eb4e51fdcc99b336645eb78d24ec"
        },
        {
          "type": "image",
          "assetId": "Tm9izKHyofND",
          "checksum": "b5ba608485af17e9d0079ca1bf75c61e"
        },
        {
          "type": "image",
          "assetId": "whZQGH0UMy0z",
          "checksum": "6c463080abd3af4b94e521ec4431f1b1"
        },
        {
          "type": "image",
          "assetId": "k-f_Ve4MEXsv",
          "checksum": "874b0561722f96e51b57b4610a7a4f4a"
        },
        {
          "type": "image",
          "assetId": "drEwNevIyJvN",
          "checksum": "56de9d790e7182586b9007cc6878683f"
        },
        {
          "type": "image",
          "assetId": "yEEarUMwaQK5",
          "checksum": "ace6c5b917a9abb5fc1a33c3713f8bad"
        },
        {
          "type": "image",
          "assetId": "aqL1ggvGQvge",
          "checksum": "c6497b48d08ea48b5bd195968a97b94d"
        },
        {
          "type": "image",
          "assetId": "qTO3q1_1j4u2",
          "checksum": "fa89b66cf748758f3b514e2c1c34208d"
        },
        {
          "type": "image",
          "assetId": "bJONJr1EJCL4",
          "checksum": "d159778bd6c511cc1d337cd4f4fcc52a"
        },
        {
          "type": "image",
          "assetId": "mD3XYFcbzKw-",
          "checksum": "dc09ce49dcc35834ad5b986cd77fb9cb"
        },
        {
          "type": "image",
          "assetId": "Dprif0EjgCLE",
          "checksum": "1af244150911ec77d8e91b6695823264"
        },
        {
          "type": "image",
          "assetId": "mG3dMTvipD5S",
          "checksum": "970f06be98c7831ac7a5bbd43dcb3691"
        },
        {
          "type": "image",
          "assetId": "k_Gqu7uJ8",
          "checksum": "3cde9e74fe0a69af7abb75de3e5744e6"
        },
        {
          "type": "image",
          "assetId": "0r6RxpyRY",
          "checksum": "5b4acab50c28da7452676419c211a67c"
        },
        {
          "type": "image",
          "assetId": "H7581wQQv",
          "checksum": "de309ab42c840e8221332e05a8339d4a"
        },
        {
          "type": "image",
          "assetId": "YRaMFh0-_",
          "checksum": "419cb5883b2607f7633c54092610ac41"
        },
        {
          "type": "image",
          "assetId": "YhAkd-o91",
          "checksum": "51cd6d24784d6712cab6df33378cc87b"
        },
        {
          "assetId": "46Sa4WMCscwEt6Udy4KXw2",
          "type": "projectCss",
          "checksum": "96103d227a64b6c6b44e23468b89f33b"
        }
      ],
      "codegenVersion": "0.0.1"
    }
  ],
  "cliVersion": "0.1.169"
}
